<?xml version="1.0" encoding="utf-8"?>
<Project ToolsVersion="4.0" xmlns="http://schemas.microsoft.com/developer/msbuild/2003">
  <ItemGroup>
    <Filter Include="Common">
      <UniqueIdentifier>{edf24232-3330-419e-b3cd-d880c57a69f9}</UniqueIdentifier>
    </Filter>
    <Filter Include="External">
      <UniqueIdentifier>{23ecdc6b-67c0-44ba-a522-476666f3d09d}</UniqueIdentifier>
    </Filter>
    <Filter Include="Events">
      <UniqueIdentifier>{f4308274-70a0-4de6-89df-fe276dad2f03}</UniqueIdentifier>
    </Filter>
    <Filter Include="Variant">
      <UniqueIdentifier>{bd5587f5-9f3b-46fa-ab0e-00327991b926}</UniqueIdentifier>
    </Filter>
    <Filter Include="Concurrency">
      <UniqueIdentifier>{6178019a-238c-4278-a886-cff168274367}</UniqueIdentifier>
    </Filter>
    <Filter Include="Concurrency\Core">
      <UniqueIdentifier>{03fef537-171c-468c-a4a9-3e0fe4194995}</UniqueIdentifier>
    </Filter>
    <Filter Include="Concurrency\Jobs">
      <UniqueIdentifier>{8e15bb36-52f6-41d7-87dc-0f8154ac166e}</UniqueIdentifier>
    </Filter>
    <Filter Include="Concurrency\Locks">
      <UniqueIdentifier>{8f065afe-c03c-4fbb-ba7e-3f10f1b6f15f}</UniqueIdentifier>
    </Filter>
    <Filter Include="Concurrency\Scopes">
      <UniqueIdentifier>{07f94c5a-932b-463c-807e-7a57ca7a839b}</UniqueIdentifier>
    </Filter>
    <Filter Include="Platforms">
      <UniqueIdentifier>{31f947ae-3c2f-4059-b486-778ea466fba0}</UniqueIdentifier>
    </Filter>
    <Filter Include="Platforms\win32">
      <UniqueIdentifier>{248dbd79-3c9d-4195-9ca3-940621bf4d12}</UniqueIdentifier>
    </Filter>
    <Filter Include="Commands">
      <UniqueIdentifier>{c94926b6-9ea1-4d4a-988f-70b7801c87e6}</UniqueIdentifier>
    </Filter>
    <Filter Include="Factory">
      <UniqueIdentifier>{5f7eb295-ea14-40b8-96f8-5d3c4cafd134}</UniqueIdentifier>
    </Filter>
    <Filter Include="Container">
      <UniqueIdentifier>{d5f2e753-5b24-4d68-a93d-4520ac997a6e}</UniqueIdentifier>
    </Filter>
    <Filter Include="Network">
      <UniqueIdentifier>{849dc71e-4b7f-4561-9a00-3bf776d8edac}</UniqueIdentifier>
    </Filter>
    <Filter Include="Network\Core">
      <UniqueIdentifier>{2b37f68b-0196-41e1-b445-bb967415fc3a}</UniqueIdentifier>
    </Filter>
    <Filter Include="Network\Protocol">
      <UniqueIdentifier>{b184ca06-85ac-433d-8ce1-eba3991196be}</UniqueIdentifier>
    </Filter>
    <Filter Include="Remoting">
      <UniqueIdentifier>{fe457cea-5fe6-49d7-9cb3-d69476ab7c5e}</UniqueIdentifier>
    </Filter>
    <Filter Include="Log">
      <UniqueIdentifier>{1e7a67f2-4aa4-4c19-a13b-1ebb2d4e8849}</UniqueIdentifier>
    </Filter>
  </ItemGroup>
  <ItemGroup>
    <ClCompile Include="Common\Call.cpp">
      <Filter>Common</Filter>
    </ClCompile>
    <ClCompile Include="Common\Common.cpp">
      <Filter>Common</Filter>
    </ClCompile>
    <ClCompile Include="Common\Defaults.cpp">
      <Filter>Common</Filter>
    </ClCompile>
    <ClCompile Include="Common\Errors.cpp">
      <Filter>Common</Filter>
    </ClCompile>
    <ClCompile Include="Common\GuidImpl.cpp">
      <Filter>Common</Filter>
    </ClCompile>
    <ClCompile Include="Common\Guids.cpp">
      <Filter>Common</Filter>
    </ClCompile>
    <ClCompile Include="Common\GuidsInternal.cpp">
      <Filter>Common</Filter>
    </ClCompile>
    <ClCompile Include="Common\Object.cpp">
      <Filter>Common</Filter>
    </ClCompile>
    <ClCompile Include="External\OrderedStatic.cpp">
      <Filter>External</Filter>
    </ClCompile>
    <ClCompile Include="External\SafeFormat.cpp">
      <Filter>External</Filter>
    </ClCompile>
    <ClCompile Include="External\Singleton.cpp">
      <Filter>External</Filter>
    </ClCompile>
    <ClCompile Include="External\SmallObj.cpp">
      <Filter>External</Filter>
    </ClCompile>
    <ClCompile Include="External\SmartPtr.cpp">
      <Filter>External</Filter>
    </ClCompile>
    <ClCompile Include="External\StrongPtr.cpp">
      <Filter>External</Filter>
    </ClCompile>
    <ClCompile Include="Events\AccessPointImpl.cpp">
      <Filter>Events</Filter>
    </ClCompile>
    <ClCompile Include="Events\AccessProviderImpl.cpp">
      <Filter>Events</Filter>
    </ClCompile>
    <ClCompile Include="Events\Events.cpp">
      <Filter>Events</Filter>
    </ClCompile>
    <ClCompile Include="Events\EventsSpreader.cpp">
      <Filter>Events</Filter>
    </ClCompile>
    <ClCompile Include="Variant\Accessors.cpp">
      <Filter>Variant</Filter>
    </ClCompile>
    <ClCompile Include="Variant\Constructors.cpp">
      <Filter>Variant</Filter>
    </ClCompile>
    <ClCompile Include="Concurrency\Core\IThread.win32.cpp">
      <Filter>Concurrency\Core</Filter>
    </ClCompile>
    <ClCompile Include="Concurrency\Core\Mutex.win32.cpp">
      <Filter>Concurrency\Core</Filter>
    </ClCompile>
    <ClCompile Include="Concurrency\Core\Semaphore.win32.cpp">
      <Filter>Concurrency\Core</Filter>
    </ClCompile>
    <ClCompile Include="Concurrency\Core\Thread.win32.cpp">
      <Filter>Concurrency\Core</Filter>
    </ClCompile>
    <ClCompile Include="Concurrency\Jobs\JobsContext.cpp">
      <Filter>Concurrency\Jobs</Filter>
    </ClCompile>
    <ClCompile Include="Concurrency\Jobs\JobsQueue.cpp">
      <Filter>Concurrency\Jobs</Filter>
    </ClCompile>
    <ClCompile Include="Concurrency\Locks\ReadWriteLock.cpp">
      <Filter>Concurrency\Locks</Filter>
    </ClCompile>
    <ClCompile Include="Concurrency\Scopes\MutexScope.cpp">
      <Filter>Concurrency\Scopes</Filter>
    </ClCompile>
    <ClCompile Include="Concurrency\Scopes\SemaphoreScopeRelease.cpp">
      <Filter>Concurrency\Scopes</Filter>
    </ClCompile>
    <ClCompile Include="Platforms\win32\Concurrent.win32.cpp">
      <Filter>Platforms\win32</Filter>
    </ClCompile>
    <ClCompile Include="Platforms\win32\Locale.win32.cpp">
      <Filter>Platforms\win32</Filter>
    </ClCompile>
    <ClCompile Include="Commands\Commands.cpp">
      <Filter>Commands</Filter>
    </ClCompile>
    <ClCompile Include="Commands\DCommandsStub.cpp">
      <Filter>Commands</Filter>
    </ClCompile>
    <ClCompile Include="Factory\FactoryHolder.cpp">
      <Filter>Factory</Filter>
    </ClCompile>
    <ClCompile Include="Factory\FactoryImpl.cpp">
      <Filter>Factory</Filter>
    </ClCompile>
    <ClCompile Include="Factory\Library.cpp">
      <Filter>Factory</Filter>
    </ClCompile>
    <ClCompile Include="Container\List.cpp">
      <Filter>Container</Filter>
    </ClCompile>
    <ClCompile Include="Container\Vector.cpp">
      <Filter>Container</Filter>
    </ClCompile>
    <ClCompile Include="Container\VectorEnumerator.cpp">
      <Filter>Container</Filter>
    </ClCompile>
    <ClCompile Include="Network\Core\DRawDataStub.cpp">
      <Filter>Network\Core</Filter>
    </ClCompile>
    <ClCompile Include="Network\Core\DServerStub.cpp">
      <Filter>Network\Core</Filter>
    </ClCompile>
    <ClCompile Include="Network\Core\Service.cpp">
      <Filter>Network\Core</Filter>
    </ClCompile>
    <ClCompile Include="Network\Core\TCPConnection.cpp">
      <Filter>Network\Core</Filter>
    </ClCompile>
    <ClCompile Include="Network\Core\TCPServer.cpp">
      <Filter>Network\Core</Filter>
    </ClCompile>
    <ClCompile Include="Network\Protocol\DProtocolStub.cpp">
      <Filter>Network\Protocol</Filter>
    </ClCompile>
    <ClCompile Include="Network\Protocol\MessageImpl.cpp">
      <Filter>Network\Protocol</Filter>
    </ClCompile>
    <ClCompile Include="Network\Protocol\Protocol.cpp">
      <Filter>Network\Protocol</Filter>
    </ClCompile>
    <ClCompile Include="Log\Log.cpp">
      <Filter>Log</Filter>
    </ClCompile>
    <ClCompile Include="Log\LogRoutine.cpp">
      <Filter>Log</Filter>
    </ClCompile>
    <ClCompile Include="Log\LogStatement.cpp">
      <Filter>Log</Filter>
    </ClCompile>
    <ClCompile Include="Log\LogStorage.cpp">
      <Filter>Log</Filter>
    </ClCompile>
  </ItemGroup>
  <ItemGroup>
    <ClInclude Include="Common\Common.h">
      <Filter>Common</Filter>
    </ClInclude>
    <ClInclude Include="Events\AccessPointImpl.h">
      <Filter>Events</Filter>
    </ClInclude>
    <ClInclude Include="Events\EventsSpreader.h">
      <Filter>Events</Filter>
    </ClInclude>
    <ClInclude Include="Concurrency\Core\Mutex.h">
      <Filter>Concurrency\Core</Filter>
    </ClInclude>
    <ClInclude Include="Concurrency\Core\Semaphore.h">
      <Filter>Concurrency\Core</Filter>
    </ClInclude>
    <ClInclude Include="Concurrency\Core\Thread.h">
      <Filter>Concurrency\Core</Filter>
    </ClInclude>
    <ClInclude Include="Concurrency\Jobs\JobsContext.h">
      <Filter>Concurrency\Jobs</Filter>
    </ClInclude>
    <ClInclude Include="Concurrency\Jobs\JobsQueue.h">
      <Filter>Concurrency\Jobs</Filter>
    </ClInclude>
    <ClInclude Include="Concurrency\Locks\ReadWriteLock.h">
      <Filter>Concurrency\Locks</Filter>
    </ClInclude>
    <ClInclude Include="Platforms\win32\Concurrent.win32.h">
      <Filter>Platforms\win32</Filter>
    </ClInclude>
    <ClInclude Include="Platforms\win32\Locale.win32.h">
      <Filter>Platforms\win32</Filter>
    </ClInclude>
    <ClInclude Include="Commands\Commands.h">
      <Filter>Commands</Filter>
    </ClInclude>
    <ClInclude Include="Commands\DCommandsStub.h">
      <Filter>Commands</Filter>
    </ClInclude>
    <ClInclude Include="Container\List.h">
      <Filter>Container</Filter>
    </ClInclude>
    <ClInclude Include="Container\Vector.h">
      <Filter>Container</Filter>
    </ClInclude>
    <ClInclude Include="Container\VectorEnumerator.h">
      <Filter>Container</Filter>
    </ClInclude>
    <ClInclude Include="Network\Core\DRawDataStub.h">
      <Filter>Network\Core</Filter>
    </ClInclude>
    <ClInclude Include="Network\Core\DServerStub.h">
      <Filter>Network\Core</Filter>
    </ClInclude>
    <ClInclude Include="Network\Core\HandlerWrapper.h">
      <Filter>Network\Core</Filter>
    </ClInclude>
    <ClInclude Include="Network\Core\Service.h">
      <Filter>Network\Core</Filter>
    </ClInclude>
    <ClInclude Include="Network\Core\TCPConnection.h">
      <Filter>Network\Core</Filter>
    </ClInclude>
    <ClInclude Include="Network\Core\TCPServer.h">
      <Filter>Network\Core</Filter>
    </ClInclude>
    <ClInclude Include="Network\Protocol\DProtocolStub.h">
      <Filter>Network\Protocol</Filter>
    </ClInclude>
    <ClInclude Include="Network\Protocol\Protocol.h">
      <Filter>Network\Protocol</Filter>
    </ClInclude>
    <ClInclude Include="Log\LogStorage.h">
      <Filter>Log</Filter>
    </ClInclude>
  </ItemGroup>
</Project>