
Microsoft Visual Studio Solution File, Format Version 9.00
# Visual Studio 2005
Project("{8BC9CEB8-8B4A-11D0-8D11-00A0C91BC942}") = "QKit", "..\include\QKit\QKit.vs2005.vcproj", "{50CC6219-44F1-455B-A2A6-E9D1AD1EF5C3}"
	GlobalSection(Qt) = preSolution
		Integration = True
	EndGlobalSection
EndProject
Project("{8BC9CEB8-8B4A-11D0-8D11-00A0C91BC942}") = "QMcWidget", "..\source\QExtension\QMcWidgetPlugin\QMcWidget.vs2005.vcproj", "{C98CF60B-0562-41F3-BC2C-E5D1A55D72F3}"
	GlobalSection(Qt) = preSolution
		Integration = True
	EndGlobalSection
EndProject
Project("{8BC9CEB8-8B4A-11D0-8D11-00A0C91BC942}") = "QMcWidgetPlugin", "..\source\QExtension\QMcWidgetPlugin\QMcWidgetPlugin.vs2005.vcproj", "{4881428B-D2A9-475D-8051-6CBAA8EC81C4}"
	GlobalSection(Qt) = preSolution
		Integration = True
	EndGlobalSection
EndProject
Global
	GlobalSection(DPCodeReviewSolutionGUID) = preSolution
		DPCodeReviewSolutionGUID = {00000000-0000-0000-0000-000000000000}
	EndGlobalSection
	GlobalSection(Qt) = preSolution
		Integration = True
	EndGlobalSection
	GlobalSection(SolutionConfigurationPlatforms) = preSolution
		Debug|Win32 = Debug|Win32
		Release|Win32 = Release|Win32
	EndGlobalSection
	GlobalSection(ProjectConfigurationPlatforms) = postSolution
		{50CC6219-44F1-455B-A2A6-E9D1AD1EF5C3}.Debug|Win32.ActiveCfg = Debug|Win32
		{50CC6219-44F1-455B-A2A6-E9D1AD1EF5C3}.Release|Win32.ActiveCfg = Release|Win32
		{C98CF60B-0562-41F3-BC2C-E5D1A55D72F3}.Debug|Win32.ActiveCfg = Debug|Win32
		{C98CF60B-0562-41F3-BC2C-E5D1A55D72F3}.Debug|Win32.Build.0 = Debug|Win32
		{C98CF60B-0562-41F3-BC2C-E5D1A55D72F3}.Release|Win32.ActiveCfg = Release|Win32
		{C98CF60B-0562-41F3-BC2C-E5D1A55D72F3}.Release|Win32.Build.0 = Release|Win32
		{4881428B-D2A9-475D-8051-6CBAA8EC81C4}.Debug|Win32.ActiveCfg = Debug|Win32
		{4881428B-D2A9-475D-8051-6CBAA8EC81C4}.Release|Win32.ActiveCfg = Release|Win32
		{4881428B-D2A9-475D-8051-6CBAA8EC81C4}.Release|Win32.Build.0 = Release|Win32
	EndGlobalSection
	GlobalSection(SolutionProperties) = preSolution
		HideSolutionNode = FALSE
	EndGlobalSection
EndGlobal
