
Microsoft Visual Studio Solution File, Format Version 9.00
# Visual Studio 2005
Project("{8BC9CEB8-8B4A-11D0-8D11-00A0C91BC942}") = "AreasSelectorTool", "..\source\Areas\AreasSelectorTool\AreasSelectorTool.vs2005.vcproj", "{E8F8AD2C-A618-4017-965D-ED5EEB0D3521}"
	GlobalSection(Qt) = preSolution
		Integration = True
	EndGlobalSection
EndProject
Global
	GlobalSection(Qt) = preSolution
		Integration = True
	EndGlobalSection
	GlobalSection(SolutionConfigurationPlatforms) = preSolution
		Debug|Win32 = Debug|Win32
		Release|Win32 = Release|Win32
	EndGlobalSection
	GlobalSection(ProjectConfigurationPlatforms) = postSolution
		{E8F8AD2C-A618-4017-965D-ED5EEB0D3521}.Debug|Win32.ActiveCfg = Debug|Win32
		{E8F8AD2C-A618-4017-965D-ED5EEB0D3521}.Debug|Win32.Build.0 = Debug|Win32
		{E8F8AD2C-A618-4017-965D-ED5EEB0D3521}.Release|Win32.ActiveCfg = Release|Win32
		{E8F8AD2C-A618-4017-965D-ED5EEB0D3521}.Release|Win32.Build.0 = Release|Win32
	EndGlobalSection
	GlobalSection(SolutionProperties) = preSolution
		HideSolutionNode = FALSE
	EndGlobalSection
EndGlobal
